
Microsoft Visual Studio Solution File, Format Version 12.00
# Visual Studio Version 17
VisualStudioVersion = 17.2.32630.192
MinimumVisualStudioVersion = 10.0.40219.1
Project("{FAE04EC0-301F-11D3-BF4B-00C04F79EFBC}") = "DiscordNet3Bot", "DiscordNet3Bot\DiscordNet3Bot.csproj", "{8AB0DA01-55B2-45A4-991F-E2A66A30B4D2}"
EndProject
Global
	GlobalSection(SolutionConfigurationPlatforms) = preSolution
		Debug|Any CPU = Debug|Any CPU
		Release|Any CPU = Release|Any CPU
	EndGlobalSection
	GlobalSection(ProjectConfigurationPlatforms) = postSolution
		{8AB0DA01-55B2-45A4-991F-E2A66A30B4D2}.Debug|Any CPU.ActiveCfg = Debug|Any CPU
		{8AB0DA01-55B2-45A4-991F-E2A66A30B4D2}.Debug|Any CPU.Build.0 = Debug|Any CPU
		{8AB0DA01-55B2-45A4-991F-E2A66A30B4D2}.Release|Any CPU.ActiveCfg = Release|Any CPU
		{8AB0DA01-55B2-45A4-991F-E2A66A30B4D2}.Release|Any CPU.Build.0 = Release|Any CPU
	EndGlobalSection
	GlobalSection(SolutionProperties) = preSolution
		HideSolutionNode = FALSE
	EndGlobalSection
	GlobalSection(ExtensibilityGlobals) = postSolution
		SolutionGuid = {2F228F72-1877-408C-BFE7-AF5226825024}
	EndGlobalSection
EndGlobal
